
Microsoft Visual Studio Solution File, Format Version 12.00
# Visual Studio Version 17
VisualStudioVersion = 17.3.32922.545
MinimumVisualStudioVersion = 10.0.40219.1
Project("{FAE04EC0-301F-11D3-BF4B-00C04F79EFBC}") = "ProgramTracker", "ProgramTracker\ProgramTracker.csproj", "{5DDDBB71-68D0-4787-8E71-E7F0AB2F6CC0}"
EndProject
Global
	GlobalSection(SolutionConfigurationPlatforms) = preSolution
		Debug|Any CPU = Debug|Any CPU
		Release|Any CPU = Release|Any CPU
	EndGlobalSection
	GlobalSection(ProjectConfigurationPlatforms) = postSolution
		{5DDDBB71-68D0-4787-8E71-E7F0AB2F6CC0}.Debug|Any CPU.ActiveCfg = Debug|Any CPU
		{5DDDBB71-68D0-4787-8E71-E7F0AB2F6CC0}.Debug|Any CPU.Build.0 = Debug|Any CPU
		{5DDDBB71-68D0-4787-8E71-E7F0AB2F6CC0}.Release|Any CPU.ActiveCfg = Release|Any CPU
		{5DDDBB71-68D0-4787-8E71-E7F0AB2F6CC0}.Release|Any CPU.Build.0 = Release|Any CPU
	EndGlobalSection
	GlobalSection(SolutionProperties) = preSolution
		HideSolutionNode = FALSE
	EndGlobalSection
	GlobalSection(ExtensibilityGlobals) = postSolution
		SolutionGuid = {9729C4F1-C980-4A83-BFC9-78B6F3D374EF}
	EndGlobalSection
EndGlobal
